
Microsoft Visual Studio Solution File, Format Version 12.00
# Visual Studio Version 16
VisualStudioVersion = 16.0.30523.141
MinimumVisualStudioVersion = 10.0.40219.1
Project("{FAE04EC0-301F-11D3-BF4B-00C04F79EFBC}") = "AnalysisSales", "AnalysisSales\AnalysisSales.csproj", "{60E7B832-D979-49F6-A796-8B1B86CB84BD}"
EndProject
Project("{FAE04EC0-301F-11D3-BF4B-00C04F79EFBC}") = "Host", "Host\Host.csproj", "{91F0DB68-DF4D-45C2-8B9B-1499C7B02BE8}"
EndProject
Global
	GlobalSection(SolutionConfigurationPlatforms) = preSolution
		Debug|Any CPU = Debug|Any CPU
		Release|Any CPU = Release|Any CPU
	EndGlobalSection
	GlobalSection(ProjectConfigurationPlatforms) = postSolution
		{60E7B832-D979-49F6-A796-8B1B86CB84BD}.Debug|Any CPU.ActiveCfg = Debug|Any CPU
		{60E7B832-D979-49F6-A796-8B1B86CB84BD}.Debug|Any CPU.Build.0 = Debug|Any CPU
		{60E7B832-D979-49F6-A796-8B1B86CB84BD}.Release|Any CPU.ActiveCfg = Release|Any CPU
		{60E7B832-D979-49F6-A796-8B1B86CB84BD}.Release|Any CPU.Build.0 = Release|Any CPU
		{91F0DB68-DF4D-45C2-8B9B-1499C7B02BE8}.Debug|Any CPU.ActiveCfg = Debug|Any CPU
		{91F0DB68-DF4D-45C2-8B9B-1499C7B02BE8}.Debug|Any CPU.Build.0 = Debug|Any CPU
		{91F0DB68-DF4D-45C2-8B9B-1499C7B02BE8}.Release|Any CPU.ActiveCfg = Release|Any CPU
		{91F0DB68-DF4D-45C2-8B9B-1499C7B02BE8}.Release|Any CPU.Build.0 = Release|Any CPU
	EndGlobalSection
	GlobalSection(SolutionProperties) = preSolution
		HideSolutionNode = FALSE
	EndGlobalSection
	GlobalSection(ExtensibilityGlobals) = postSolution
		SolutionGuid = {591DBDDA-72EF-48DE-8F19-3CDBA6436262}
	EndGlobalSection
EndGlobal
