
Microsoft Visual Studio Solution File, Format Version 12.00
# Visual Studio Version 16
VisualStudioVersion = 16.0.30523.141
MinimumVisualStudioVersion = 10.0.40219.1
Project("{FAE04EC0-301F-11D3-BF4B-00C04F79EFBC}") = "AnalysisManager", "AnalysisManager\AnalysisManager.csproj", "{81751866-0DB0-44BA-B030-9C3DAFBA0115}"
EndProject
Global
	GlobalSection(SolutionConfigurationPlatforms) = preSolution
		Debug|Any CPU = Debug|Any CPU
		Release|Any CPU = Release|Any CPU
	EndGlobalSection
	GlobalSection(ProjectConfigurationPlatforms) = postSolution
		{81751866-0DB0-44BA-B030-9C3DAFBA0115}.Debug|Any CPU.ActiveCfg = Debug|Any CPU
		{81751866-0DB0-44BA-B030-9C3DAFBA0115}.Debug|Any CPU.Build.0 = Debug|Any CPU
		{81751866-0DB0-44BA-B030-9C3DAFBA0115}.Release|Any CPU.ActiveCfg = Release|Any CPU
		{81751866-0DB0-44BA-B030-9C3DAFBA0115}.Release|Any CPU.Build.0 = Release|Any CPU
	EndGlobalSection
	GlobalSection(SolutionProperties) = preSolution
		HideSolutionNode = FALSE
	EndGlobalSection
	GlobalSection(ExtensibilityGlobals) = postSolution
		SolutionGuid = {E4F6B38D-039E-46E9-B7D9-27D1A3981DB0}
	EndGlobalSection
EndGlobal
